
Microsoft Visual Studio Solution File, Format Version 12.00
# Visual Studio Version 16
VisualStudioVersion = 16.0.29001.49
MinimumVisualStudioVersion = 10.0.40219.1
Project("{FAE04EC0-301F-11D3-BF4B-00C04F79EFBC}") = "Herencia", "Herencia\Herencia.csproj", "{C9F6535D-8AE9-4ABC-9A5B-813623D6C123}"
EndProject
Global
	GlobalSection(SolutionConfigurationPlatforms) = preSolution
		Debug|Any CPU = Debug|Any CPU
		Release|Any CPU = Release|Any CPU
	EndGlobalSection
	GlobalSection(ProjectConfigurationPlatforms) = postSolution
		{C9F6535D-8AE9-4ABC-9A5B-813623D6C123}.Debug|Any CPU.ActiveCfg = Debug|Any CPU
		{C9F6535D-8AE9-4ABC-9A5B-813623D6C123}.Debug|Any CPU.Build.0 = Debug|Any CPU
		{C9F6535D-8AE9-4ABC-9A5B-813623D6C123}.Release|Any CPU.ActiveCfg = Release|Any CPU
		{C9F6535D-8AE9-4ABC-9A5B-813623D6C123}.Release|Any CPU.Build.0 = Release|Any CPU
	EndGlobalSection
	GlobalSection(SolutionProperties) = preSolution
		HideSolutionNode = FALSE
	EndGlobalSection
	GlobalSection(ExtensibilityGlobals) = postSolution
		SolutionGuid = {9566BF75-0A40-4CCA-85D7-6E8A2B7D7E64}
	EndGlobalSection
EndGlobal
